
Microsoft Visual Studio Solution File, Format Version 12.00
# Visual Studio Version 16
VisualStudioVersion = 16.0.32002.261
MinimumVisualStudioVersion = 10.0.40219.1
Project("{9A19103F-16F7-4668-BE54-9A1E7A4F7556}") = "Test_ConsoleApp", "Test_ConsoleApp\Test_ConsoleApp.csproj", "{EDF68E3F-B7B0-40DF-A05A-67A2AA830EFA}"
EndProject
Project("{9A19103F-16F7-4668-BE54-9A1E7A4F7556}") = "Test_WinFormsApp", "Test_WinFormsApp\Test_WinFormsApp.csproj", "{9E1F28B8-EC78-4E0B-8A3B-1CBABD8F850C}"
EndProject
Project("{2150E333-8FDC-42A3-9474-1A3956D46DE8}") = "Test", "Test", "{21B34995-C4F2-4A20-98B8-1BC3D136204F}"
EndProject
Project("{FAE04EC0-301F-11D3-BF4B-00C04F79EFBC}") = "Helperklassen", "SqlX\Helperklassen.csproj", "{9B83D0E6-9945-453E-AC02-A7F9CCDC2189}"
EndProject
Project("{2150E333-8FDC-42A3-9474-1A3956D46DE8}") = "Demos", "Demos", "{CA85B046-D353-4D4E-87FE-7EC61A930955}"
EndProject
Global
	GlobalSection(SolutionConfigurationPlatforms) = preSolution
		Debug|Any CPU = Debug|Any CPU
		Release|Any CPU = Release|Any CPU
	EndGlobalSection
	GlobalSection(ProjectConfigurationPlatforms) = postSolution
		{EDF68E3F-B7B0-40DF-A05A-67A2AA830EFA}.Debug|Any CPU.ActiveCfg = Debug|Any CPU
		{EDF68E3F-B7B0-40DF-A05A-67A2AA830EFA}.Debug|Any CPU.Build.0 = Debug|Any CPU
		{EDF68E3F-B7B0-40DF-A05A-67A2AA830EFA}.Release|Any CPU.ActiveCfg = Release|Any CPU
		{EDF68E3F-B7B0-40DF-A05A-67A2AA830EFA}.Release|Any CPU.Build.0 = Release|Any CPU
		{9E1F28B8-EC78-4E0B-8A3B-1CBABD8F850C}.Debug|Any CPU.ActiveCfg = Debug|Any CPU
		{9E1F28B8-EC78-4E0B-8A3B-1CBABD8F850C}.Debug|Any CPU.Build.0 = Debug|Any CPU
		{9E1F28B8-EC78-4E0B-8A3B-1CBABD8F850C}.Release|Any CPU.ActiveCfg = Release|Any CPU
		{9E1F28B8-EC78-4E0B-8A3B-1CBABD8F850C}.Release|Any CPU.Build.0 = Release|Any CPU
		{9B83D0E6-9945-453E-AC02-A7F9CCDC2189}.Debug|Any CPU.ActiveCfg = Debug|Any CPU
		{9B83D0E6-9945-453E-AC02-A7F9CCDC2189}.Debug|Any CPU.Build.0 = Debug|Any CPU
		{9B83D0E6-9945-453E-AC02-A7F9CCDC2189}.Release|Any CPU.ActiveCfg = Release|Any CPU
		{9B83D0E6-9945-453E-AC02-A7F9CCDC2189}.Release|Any CPU.Build.0 = Release|Any CPU
	EndGlobalSection
	GlobalSection(SolutionProperties) = preSolution
		HideSolutionNode = FALSE
	EndGlobalSection
	GlobalSection(NestedProjects) = preSolution
		{EDF68E3F-B7B0-40DF-A05A-67A2AA830EFA} = {21B34995-C4F2-4A20-98B8-1BC3D136204F}
		{9E1F28B8-EC78-4E0B-8A3B-1CBABD8F850C} = {21B34995-C4F2-4A20-98B8-1BC3D136204F}
	EndGlobalSection
	GlobalSection(ExtensibilityGlobals) = postSolution
		SolutionGuid = {63B001BC-054C-4EB4-822B-29E770B3712D}
	EndGlobalSection
EndGlobal
